
Microsoft Visual Studio Solution File, Format Version 12.00
# Visual Studio Version 17
VisualStudioVersion = 17.10.34916.146
MinimumVisualStudioVersion = 10.0.40219.1
Project("{F184B08F-C81C-45F6-A57F-5ABD9991F28F}") = "E2CR Classification Tool", "E2CR Classification Tool\E2CR Classification Tool.vbproj", "{631228C5-8049-4180-9975-0185465F1BD9}"
EndProject
Global
	GlobalSection(SolutionConfigurationPlatforms) = preSolution
		Debug|Any CPU = Debug|Any CPU
		Release|Any CPU = Release|Any CPU
	EndGlobalSection
	GlobalSection(ProjectConfigurationPlatforms) = postSolution
		{631228C5-8049-4180-9975-0185465F1BD9}.Debug|Any CPU.ActiveCfg = Debug|Any CPU
		{631228C5-8049-4180-9975-0185465F1BD9}.Debug|Any CPU.Build.0 = Debug|Any CPU
		{631228C5-8049-4180-9975-0185465F1BD9}.Release|Any CPU.ActiveCfg = Release|Any CPU
		{631228C5-8049-4180-9975-0185465F1BD9}.Release|Any CPU.Build.0 = Release|Any CPU
	EndGlobalSection
	GlobalSection(SolutionProperties) = preSolution
		HideSolutionNode = FALSE
	EndGlobalSection
	GlobalSection(ExtensibilityGlobals) = postSolution
		SolutionGuid = {9584ADBD-CAA4-4E44-998E-610191CB07B5}
	EndGlobalSection
EndGlobal
